%{
  "attrs": {:hex, :attrs, "0.6.0", "25d738b47829f964a786ef73897d2550b66f3e7d1d7c49a83bc8fd81c71bed93", [:mix], [], "hexpm", "9c30ac15255c2ba8399263db55ba32c2f4e5ec267b654ce23df99168b405c82e"},
  "decimal": {:hex, :decimal, "2.1.1", "5611dca5d4b2c3dd497dec8f68751f1f1a54755e8ed2a966c2633cf885973ad6", [:mix], [], "hexpm", "53cfe5f497ed0e7771ae1a475575603d77425099ba5faef9394932b35020ffcc"},
  "ecto": {:hex, :ecto, "3.12.1", "626765f7066589de6fa09e0876a253ff60c3d00870dd3a1cd696e2ba67bfceea", [:mix], [{:decimal, "~> 2.0", [hex: :decimal, repo: "hexpm", optional: false]}, {:jason, "~> 1.0", [hex: :jason, repo: "hexpm", optional: true]}, {:telemetry, "~> 0.4 or ~> 1.0", [hex: :telemetry, repo: "hexpm", optional: false]}], "hexpm", "df0045ab9d87be947228e05a8d153f3e06e0d05ab10c3b3cc557d2f7243d1940"},
  "jason": {:hex, :jason, "1.4.4", "b9226785a9aa77b6857ca22832cffa5d5011a667207eb2a0ad56adb5db443b8a", [:mix], [{:decimal, "~> 1.0 or ~> 2.0", [hex: :decimal, repo: "hexpm", optional: true]}], "hexpm", "c5eb0cab91f094599f94d55bc63409236a8ec69a21a67814529e8d5f6cc90b3b"},
  "polymorphic_embed": {:hex, :polymorphic_embed, "5.0.0", "8edf0f8262e26d2bd884f972ab34e2ae970019ad8a4a2df8fc319117f5238d40", [:mix], [{:attrs, "~> 0.6", [hex: :attrs, repo: "hexpm", optional: false]}, {:ecto, "~> 3.12", [hex: :ecto, repo: "hexpm", optional: false]}, {:jason, "~> 1.4", [hex: :jason, repo: "hexpm", optional: false]}, {:phoenix_html, "~> 4.1", [hex: :phoenix_html, repo: "hexpm", optional: true]}, {:phoenix_html_helpers, "~> 1.0", [hex: :phoenix_html_helpers, repo: "hexpm", optional: true]}, {:phoenix_live_view, "~> 0.20", [hex: :phoenix_live_view, repo: "hexpm", optional: true]}], "hexpm", "462976e51f74858cd5cc886fd23bf74616805c11f3abe7df352dd242de1b50e6"},
  "telemetry": {:hex, :telemetry, "1.2.1", "68fdfe8d8f05a8428483a97d7aab2f268aaff24b49e0f599faa091f1d4e7f61c", [:rebar3], [], "hexpm", "dad9ce9d8effc621708f99eac538ef1cbe05d6a874dd741de2e689c47feafed5"},
}
